
Microsoft Visual Studio Solution File, Format Version 12.00
# Visual Studio Version 17
VisualStudioVersion = 17.7.34024.191
MinimumVisualStudioVersion = 10.0.40219.1
Project("{FAE04EC0-301F-11D3-BF4B-00C04F79EFBC}") = "Smart-City-Azure-map", "Smart-City-Azure-map.csproj", "{CD4D71E4-B485-456F-A753-08AC367E2FCD}"
EndProject
Global
	GlobalSection(SolutionConfigurationPlatforms) = preSolution
		Debug|Any CPU = Debug|Any CPU
		Release|Any CPU = Release|Any CPU
	EndGlobalSection
	GlobalSection(ProjectConfigurationPlatforms) = postSolution
		{CD4D71E4-B485-456F-A753-08AC367E2FCD}.Debug|Any CPU.ActiveCfg = Debug|Any CPU
		{CD4D71E4-B485-456F-A753-08AC367E2FCD}.Debug|Any CPU.Build.0 = Debug|Any CPU
		{CD4D71E4-B485-456F-A753-08AC367E2FCD}.Release|Any CPU.ActiveCfg = Release|Any CPU
		{CD4D71E4-B485-456F-A753-08AC367E2FCD}.Release|Any CPU.Build.0 = Release|Any CPU
	EndGlobalSection
	GlobalSection(SolutionProperties) = preSolution
		HideSolutionNode = FALSE
	EndGlobalSection
	GlobalSection(ExtensibilityGlobals) = postSolution
		SolutionGuid = {116FC527-BA0D-4A06-839D-62BC7A5D4C06}
	EndGlobalSection
EndGlobal
